
Microsoft Visual Studio Solution File, Format Version 12.00
# Visual Studio Version 17
VisualStudioVersion = 17.13.35931.197 d17.13
MinimumVisualStudioVersion = 10.0.40219.1
Project("{FAE04EC0-301F-11D3-BF4B-00C04F79EFBC}") = "AndroidDataExtractorApp", "AndroidDataExtractorApp\AndroidDataExtractorApp.csproj", "{62D9E80F-0FAC-4822-8C99-CC75BC3CD2C8}"
EndProject
Global
	GlobalSection(SolutionConfigurationPlatforms) = preSolution
		Debug|Any CPU = Debug|Any CPU
		Release|Any CPU = Release|Any CPU
	EndGlobalSection
	GlobalSection(ProjectConfigurationPlatforms) = postSolution
		{62D9E80F-0FAC-4822-8C99-CC75BC3CD2C8}.Debug|Any CPU.ActiveCfg = Debug|Any CPU
		{62D9E80F-0FAC-4822-8C99-CC75BC3CD2C8}.Debug|Any CPU.Build.0 = Debug|Any CPU
		{62D9E80F-0FAC-4822-8C99-CC75BC3CD2C8}.Release|Any CPU.ActiveCfg = Release|Any CPU
		{62D9E80F-0FAC-4822-8C99-CC75BC3CD2C8}.Release|Any CPU.Build.0 = Release|Any CPU
	EndGlobalSection
	GlobalSection(SolutionProperties) = preSolution
		HideSolutionNode = FALSE
	EndGlobalSection
	GlobalSection(ExtensibilityGlobals) = postSolution
		SolutionGuid = {58B21265-F8C0-46CD-AD0E-5F846CF7E5E0}
	EndGlobalSection
EndGlobal
